
Microsoft Visual Studio Solution File, Format Version 12.00
# Visual Studio 2013
VisualStudioVersion = 12.0.31101.0
MinimumVisualStudioVersion = 10.0.40219.1
Project("{FAE04EC0-301F-11D3-BF4B-00C04F79EFBC}") = "FinalProject", "FinalProject\FinalProject.csproj", "{FF2058B9-3DB9-45E6-B350-97A3E45F0490}"
EndProject
Project("{FAE04EC0-301F-11D3-BF4B-00C04F79EFBC}") = "FinalProject.Tests", "FinalProject.Tests\FinalProject.Tests.csproj", "{B50FD457-EC5C-4D1B-A9FD-E14C96C8914E}"
EndProject
Global
	GlobalSection(SolutionConfigurationPlatforms) = preSolution
		Debug|Any CPU = Debug|Any CPU
		Release|Any CPU = Release|Any CPU
	EndGlobalSection
	GlobalSection(ProjectConfigurationPlatforms) = postSolution
		{FF2058B9-3DB9-45E6-B350-97A3E45F0490}.Debug|Any CPU.ActiveCfg = Debug|Any CPU
		{FF2058B9-3DB9-45E6-B350-97A3E45F0490}.Debug|Any CPU.Build.0 = Debug|Any CPU
		{FF2058B9-3DB9-45E6-B350-97A3E45F0490}.Release|Any CPU.ActiveCfg = Release|Any CPU
		{FF2058B9-3DB9-45E6-B350-97A3E45F0490}.Release|Any CPU.Build.0 = Release|Any CPU
		{B50FD457-EC5C-4D1B-A9FD-E14C96C8914E}.Debug|Any CPU.ActiveCfg = Debug|Any CPU
		{B50FD457-EC5C-4D1B-A9FD-E14C96C8914E}.Debug|Any CPU.Build.0 = Debug|Any CPU
		{B50FD457-EC5C-4D1B-A9FD-E14C96C8914E}.Release|Any CPU.ActiveCfg = Release|Any CPU
		{B50FD457-EC5C-4D1B-A9FD-E14C96C8914E}.Release|Any CPU.Build.0 = Release|Any CPU
	EndGlobalSection
	GlobalSection(SolutionProperties) = preSolution
		HideSolutionNode = FALSE
	EndGlobalSection
EndGlobal
